
Microsoft Visual Studio Solution File, Format Version 12.00
# Visual Studio Version 17
VisualStudioVersion = 17.8.34309.116
MinimumVisualStudioVersion = 10.0.40219.1
Project("{9A19103F-16F7-4668-BE54-9A1E7A4F7556}") = "EfLearning", "EfLearning\EfLearning.csproj", "{ED273A5F-CDE9-46A8-A7D5-B500D291D0F7}"
EndProject
Project("{9A19103F-16F7-4668-BE54-9A1E7A4F7556}") = "EfLearningData", "EfLearningData\EfLearningData.csproj", "{9076969A-E39E-4BE8-9065-C8A372319EA4}"
EndProject
Project("{9A19103F-16F7-4668-BE54-9A1E7A4F7556}") = "EfLearningDomain", "EfLearningDomain\EfLearningDomain.csproj", "{AAE49AE3-AD2F-4E8B-A93F-85FDC5C2BFB1}"
EndProject
Project("{2150E333-8FDC-42A3-9474-1A3956D46DE8}") = "4-dars", "4-dars", "{9FFB38D1-AC0F-47FE-90CB-7B5738183CAE}"
EndProject
Project("{2150E333-8FDC-42A3-9474-1A3956D46DE8}") = "Tasks", "Tasks", "{6997BB87-C3BE-4E9F-A6DE-16EE97DFFBFD}"
EndProject
Project("{2150E333-8FDC-42A3-9474-1A3956D46DE8}") = "HomeTasks", "HomeTasks", "{C83BE414-CFD0-42DF-85F7-20122A70EFBA}"
EndProject
Project("{2150E333-8FDC-42A3-9474-1A3956D46DE8}") = "5lesson", "5lesson", "{6162C51C-7198-4326-B862-543E914A8B63}"
EndProject
Project("{2150E333-8FDC-42A3-9474-1A3956D46DE8}") = "Tasks", "Tasks", "{B511FA8F-9CB1-4CDE-A410-63EDA10216AB}"
EndProject
Project("{2150E333-8FDC-42A3-9474-1A3956D46DE8}") = "HomeTasks", "HomeTasks", "{8B119372-B4BD-4906-8520-D5CE17005374}"
EndProject
Project("{2150E333-8FDC-42A3-9474-1A3956D46DE8}") = "7-lesson", "7-lesson", "{A66428D0-0E20-4113-9461-38110D4E338A}"
EndProject
Project("{2150E333-8FDC-42A3-9474-1A3956D46DE8}") = "Tasks", "Tasks", "{BD8E2D1E-BAB8-4691-B273-75150DEC5E1A}"
EndProject
Project("{2150E333-8FDC-42A3-9474-1A3956D46DE8}") = "HomeTasks", "HomeTasks", "{ACD33334-DC82-44EF-AE1D-19E649E2672A}"
EndProject
Project("{9A19103F-16F7-4668-BE54-9A1E7A4F7556}") = "2WebApi", "2WebApi\2WebApi.csproj", "{DE06024E-2D12-4840-AEF9-E918C0B71C9F}"
EndProject
Project("{9A19103F-16F7-4668-BE54-9A1E7A4F7556}") = "2WebApiDomain", "2WebApiDomain\2WebApiDomain.csproj", "{5582DC81-1741-430A-98B3-14CD50247A02}"
EndProject
Project("{9A19103F-16F7-4668-BE54-9A1E7A4F7556}") = "2WebApiData", "2WebApiData\2WebApiData.csproj", "{C3C5BBBF-6DC8-4CA0-8384-1D467F3A17EA}"
EndProject
Project("{FAE04EC0-301F-11D3-BF4B-00C04F79EFBC}") = "2WebApiService", "2WebApiService\2WebApiService.csproj", "{797EE945-CC50-4B9E-9C40-BA38B0EFF05F}"
EndProject
Global
	GlobalSection(SolutionConfigurationPlatforms) = preSolution
		Debug|Any CPU = Debug|Any CPU
		Release|Any CPU = Release|Any CPU
	EndGlobalSection
	GlobalSection(ProjectConfigurationPlatforms) = postSolution
		{ED273A5F-CDE9-46A8-A7D5-B500D291D0F7}.Debug|Any CPU.ActiveCfg = Debug|Any CPU
		{ED273A5F-CDE9-46A8-A7D5-B500D291D0F7}.Debug|Any CPU.Build.0 = Debug|Any CPU
		{ED273A5F-CDE9-46A8-A7D5-B500D291D0F7}.Release|Any CPU.ActiveCfg = Release|Any CPU
		{ED273A5F-CDE9-46A8-A7D5-B500D291D0F7}.Release|Any CPU.Build.0 = Release|Any CPU
		{9076969A-E39E-4BE8-9065-C8A372319EA4}.Debug|Any CPU.ActiveCfg = Debug|Any CPU
		{9076969A-E39E-4BE8-9065-C8A372319EA4}.Debug|Any CPU.Build.0 = Debug|Any CPU
		{9076969A-E39E-4BE8-9065-C8A372319EA4}.Release|Any CPU.ActiveCfg = Release|Any CPU
		{9076969A-E39E-4BE8-9065-C8A372319EA4}.Release|Any CPU.Build.0 = Release|Any CPU
		{AAE49AE3-AD2F-4E8B-A93F-85FDC5C2BFB1}.Debug|Any CPU.ActiveCfg = Debug|Any CPU
		{AAE49AE3-AD2F-4E8B-A93F-85FDC5C2BFB1}.Debug|Any CPU.Build.0 = Debug|Any CPU
		{AAE49AE3-AD2F-4E8B-A93F-85FDC5C2BFB1}.Release|Any CPU.ActiveCfg = Release|Any CPU
		{AAE49AE3-AD2F-4E8B-A93F-85FDC5C2BFB1}.Release|Any CPU.Build.0 = Release|Any CPU
		{DE06024E-2D12-4840-AEF9-E918C0B71C9F}.Debug|Any CPU.ActiveCfg = Debug|Any CPU
		{DE06024E-2D12-4840-AEF9-E918C0B71C9F}.Debug|Any CPU.Build.0 = Debug|Any CPU
		{DE06024E-2D12-4840-AEF9-E918C0B71C9F}.Release|Any CPU.ActiveCfg = Release|Any CPU
		{DE06024E-2D12-4840-AEF9-E918C0B71C9F}.Release|Any CPU.Build.0 = Release|Any CPU
		{5582DC81-1741-430A-98B3-14CD50247A02}.Debug|Any CPU.ActiveCfg = Debug|Any CPU
		{5582DC81-1741-430A-98B3-14CD50247A02}.Debug|Any CPU.Build.0 = Debug|Any CPU
		{5582DC81-1741-430A-98B3-14CD50247A02}.Release|Any CPU.ActiveCfg = Release|Any CPU
		{5582DC81-1741-430A-98B3-14CD50247A02}.Release|Any CPU.Build.0 = Release|Any CPU
		{C3C5BBBF-6DC8-4CA0-8384-1D467F3A17EA}.Debug|Any CPU.ActiveCfg = Debug|Any CPU
		{C3C5BBBF-6DC8-4CA0-8384-1D467F3A17EA}.Debug|Any CPU.Build.0 = Debug|Any CPU
		{C3C5BBBF-6DC8-4CA0-8384-1D467F3A17EA}.Release|Any CPU.ActiveCfg = Release|Any CPU
		{C3C5BBBF-6DC8-4CA0-8384-1D467F3A17EA}.Release|Any CPU.Build.0 = Release|Any CPU
		{797EE945-CC50-4B9E-9C40-BA38B0EFF05F}.Debug|Any CPU.ActiveCfg = Debug|Any CPU
		{797EE945-CC50-4B9E-9C40-BA38B0EFF05F}.Debug|Any CPU.Build.0 = Debug|Any CPU
		{797EE945-CC50-4B9E-9C40-BA38B0EFF05F}.Release|Any CPU.ActiveCfg = Release|Any CPU
		{797EE945-CC50-4B9E-9C40-BA38B0EFF05F}.Release|Any CPU.Build.0 = Release|Any CPU
	EndGlobalSection
	GlobalSection(SolutionProperties) = preSolution
		HideSolutionNode = FALSE
	EndGlobalSection
	GlobalSection(NestedProjects) = preSolution
		{ED273A5F-CDE9-46A8-A7D5-B500D291D0F7} = {6997BB87-C3BE-4E9F-A6DE-16EE97DFFBFD}
		{9076969A-E39E-4BE8-9065-C8A372319EA4} = {6997BB87-C3BE-4E9F-A6DE-16EE97DFFBFD}
		{AAE49AE3-AD2F-4E8B-A93F-85FDC5C2BFB1} = {6997BB87-C3BE-4E9F-A6DE-16EE97DFFBFD}
		{6997BB87-C3BE-4E9F-A6DE-16EE97DFFBFD} = {9FFB38D1-AC0F-47FE-90CB-7B5738183CAE}
		{C83BE414-CFD0-42DF-85F7-20122A70EFBA} = {9FFB38D1-AC0F-47FE-90CB-7B5738183CAE}
		{B511FA8F-9CB1-4CDE-A410-63EDA10216AB} = {6162C51C-7198-4326-B862-543E914A8B63}
		{8B119372-B4BD-4906-8520-D5CE17005374} = {6162C51C-7198-4326-B862-543E914A8B63}
		{BD8E2D1E-BAB8-4691-B273-75150DEC5E1A} = {A66428D0-0E20-4113-9461-38110D4E338A}
		{ACD33334-DC82-44EF-AE1D-19E649E2672A} = {A66428D0-0E20-4113-9461-38110D4E338A}
		{DE06024E-2D12-4840-AEF9-E918C0B71C9F} = {BD8E2D1E-BAB8-4691-B273-75150DEC5E1A}
		{5582DC81-1741-430A-98B3-14CD50247A02} = {BD8E2D1E-BAB8-4691-B273-75150DEC5E1A}
		{C3C5BBBF-6DC8-4CA0-8384-1D467F3A17EA} = {BD8E2D1E-BAB8-4691-B273-75150DEC5E1A}
		{797EE945-CC50-4B9E-9C40-BA38B0EFF05F} = {BD8E2D1E-BAB8-4691-B273-75150DEC5E1A}
	EndGlobalSection
	GlobalSection(ExtensibilityGlobals) = postSolution
		SolutionGuid = {CEAB21ED-4301-49EE-8975-BEE67963F7D5}
	EndGlobalSection
EndGlobal
